
Microsoft Visual Studio Solution File, Format Version 12.00
Project("{FAE04EC0-301F-11D3-BF4B-00C04F79EFBC}") = "Yestino", "Yestino\Yestino.csproj", "{0A1FB0AF-DE79-4158-869E-9809A949579E}"
EndProject
Project("{2150E333-8FDC-42A3-9474-1A3956D46DE8}") = "Warehouse", "Warehouse", "{806D0760-E3ED-46EF-AE29-9BAD752995B2}"
EndProject
Project("{2150E333-8FDC-42A3-9474-1A3956D46DE8}") = "ProductCatalog", "ProductCatalog", "{D4A8F2B1-2779-485D-8B41-2DB53A6200A3}"
EndProject
Project("{FAE04EC0-301F-11D3-BF4B-00C04F79EFBC}") = "Yestino.Common", "Yestino.Common\Yestino.Common.csproj", "{F747C89C-D63A-4B69-9C6D-0FC85934A687}"
EndProject
Project("{FAE04EC0-301F-11D3-BF4B-00C04F79EFBC}") = "Yestino.ProductCatalog", "Yestino.ProductCatalog\Yestino.ProductCatalog.csproj", "{77BB68C3-E9C6-40CB-9BA9-554821FC55B3}"
EndProject
Project("{FAE04EC0-301F-11D3-BF4B-00C04F79EFBC}") = "Yestino.ProductCatalogContracts", "Yestino.ProductCatalogContracts\Yestino.ProductCatalogContracts.csproj", "{D44CDBE7-7F9E-4803-8AD3-19DE11695024}"
EndProject
Project("{FAE04EC0-301F-11D3-BF4B-00C04F79EFBC}") = "Yestino.ProductCatalog.Tests", "Yestino.ProductCatalog.Tests\Yestino.ProductCatalog.Tests.csproj", "{A9AD7404-C085-4EF3-8FB4-2D2F475B646C}"
EndProject
Project("{FAE04EC0-301F-11D3-BF4B-00C04F79EFBC}") = "Yestino.Warehouse", "Yestino.Warehouse\Yestino.Warehouse.csproj", "{7EA8B3CE-1E16-4A4F-9C35-EE8F983F9FEB}"
EndProject
Project("{FAE04EC0-301F-11D3-BF4B-00C04F79EFBC}") = "Yestino.WarehouseContracts", "Yestino.WarehouseContracts\Yestino.WarehouseContracts.csproj", "{67ABCFCF-5840-472C-973F-C509B114017F}"
EndProject
Project("{2150E333-8FDC-42A3-9474-1A3956D46DE8}") = "Order", "Order", "{F1A1A30C-3CE5-4917-980C-0F9BA249035E}"
EndProject
Project("{FAE04EC0-301F-11D3-BF4B-00C04F79EFBC}") = "Yestino.Order", "Yestino.Order\Yestino.Order.csproj", "{399DE949-5CCC-4CB6-A688-668EEBAB33F9}"
EndProject
Project("{FAE04EC0-301F-11D3-BF4B-00C04F79EFBC}") = "Yestino.OrderContracts", "Yestino.OrderContracts\Yestino.OrderContracts.csproj", "{D9FCEBCC-F02F-440D-A5BC-8718236699F7}"
EndProject
Global
	GlobalSection(SolutionConfigurationPlatforms) = preSolution
		Debug|Any CPU = Debug|Any CPU
		Debug|x64 = Debug|x64
		Debug|x86 = Debug|x86
		Release|Any CPU = Release|Any CPU
		Release|x64 = Release|x64
		Release|x86 = Release|x86
	EndGlobalSection
	GlobalSection(ProjectConfigurationPlatforms) = postSolution
		{0A1FB0AF-DE79-4158-869E-9809A949579E}.Debug|Any CPU.ActiveCfg = Debug|Any CPU
		{0A1FB0AF-DE79-4158-869E-9809A949579E}.Debug|Any CPU.Build.0 = Debug|Any CPU
		{0A1FB0AF-DE79-4158-869E-9809A949579E}.Debug|x64.ActiveCfg = Debug|Any CPU
		{0A1FB0AF-DE79-4158-869E-9809A949579E}.Debug|x64.Build.0 = Debug|Any CPU
		{0A1FB0AF-DE79-4158-869E-9809A949579E}.Debug|x86.ActiveCfg = Debug|Any CPU
		{0A1FB0AF-DE79-4158-869E-9809A949579E}.Debug|x86.Build.0 = Debug|Any CPU
		{0A1FB0AF-DE79-4158-869E-9809A949579E}.Release|Any CPU.ActiveCfg = Release|Any CPU
		{0A1FB0AF-DE79-4158-869E-9809A949579E}.Release|Any CPU.Build.0 = Release|Any CPU
		{0A1FB0AF-DE79-4158-869E-9809A949579E}.Release|x64.ActiveCfg = Release|Any CPU
		{0A1FB0AF-DE79-4158-869E-9809A949579E}.Release|x64.Build.0 = Release|Any CPU
		{0A1FB0AF-DE79-4158-869E-9809A949579E}.Release|x86.ActiveCfg = Release|Any CPU
		{0A1FB0AF-DE79-4158-869E-9809A949579E}.Release|x86.Build.0 = Release|Any CPU
		{F747C89C-D63A-4B69-9C6D-0FC85934A687}.Debug|Any CPU.ActiveCfg = Debug|Any CPU
		{F747C89C-D63A-4B69-9C6D-0FC85934A687}.Debug|Any CPU.Build.0 = Debug|Any CPU
		{F747C89C-D63A-4B69-9C6D-0FC85934A687}.Debug|x64.ActiveCfg = Debug|Any CPU
		{F747C89C-D63A-4B69-9C6D-0FC85934A687}.Debug|x64.Build.0 = Debug|Any CPU
		{F747C89C-D63A-4B69-9C6D-0FC85934A687}.Debug|x86.ActiveCfg = Debug|Any CPU
		{F747C89C-D63A-4B69-9C6D-0FC85934A687}.Debug|x86.Build.0 = Debug|Any CPU
		{F747C89C-D63A-4B69-9C6D-0FC85934A687}.Release|Any CPU.ActiveCfg = Release|Any CPU
		{F747C89C-D63A-4B69-9C6D-0FC85934A687}.Release|Any CPU.Build.0 = Release|Any CPU
		{F747C89C-D63A-4B69-9C6D-0FC85934A687}.Release|x64.ActiveCfg = Release|Any CPU
		{F747C89C-D63A-4B69-9C6D-0FC85934A687}.Release|x64.Build.0 = Release|Any CPU
		{F747C89C-D63A-4B69-9C6D-0FC85934A687}.Release|x86.ActiveCfg = Release|Any CPU
		{F747C89C-D63A-4B69-9C6D-0FC85934A687}.Release|x86.Build.0 = Release|Any CPU
		{77BB68C3-E9C6-40CB-9BA9-554821FC55B3}.Debug|Any CPU.ActiveCfg = Debug|Any CPU
		{77BB68C3-E9C6-40CB-9BA9-554821FC55B3}.Debug|Any CPU.Build.0 = Debug|Any CPU
		{77BB68C3-E9C6-40CB-9BA9-554821FC55B3}.Debug|x64.ActiveCfg = Debug|Any CPU
		{77BB68C3-E9C6-40CB-9BA9-554821FC55B3}.Debug|x64.Build.0 = Debug|Any CPU
		{77BB68C3-E9C6-40CB-9BA9-554821FC55B3}.Debug|x86.ActiveCfg = Debug|Any CPU
		{77BB68C3-E9C6-40CB-9BA9-554821FC55B3}.Debug|x86.Build.0 = Debug|Any CPU
		{77BB68C3-E9C6-40CB-9BA9-554821FC55B3}.Release|Any CPU.ActiveCfg = Release|Any CPU
		{77BB68C3-E9C6-40CB-9BA9-554821FC55B3}.Release|Any CPU.Build.0 = Release|Any CPU
		{77BB68C3-E9C6-40CB-9BA9-554821FC55B3}.Release|x64.ActiveCfg = Release|Any CPU
		{77BB68C3-E9C6-40CB-9BA9-554821FC55B3}.Release|x64.Build.0 = Release|Any CPU
		{77BB68C3-E9C6-40CB-9BA9-554821FC55B3}.Release|x86.ActiveCfg = Release|Any CPU
		{77BB68C3-E9C6-40CB-9BA9-554821FC55B3}.Release|x86.Build.0 = Release|Any CPU
		{D44CDBE7-7F9E-4803-8AD3-19DE11695024}.Debug|Any CPU.ActiveCfg = Debug|Any CPU
		{D44CDBE7-7F9E-4803-8AD3-19DE11695024}.Debug|Any CPU.Build.0 = Debug|Any CPU
		{D44CDBE7-7F9E-4803-8AD3-19DE11695024}.Debug|x64.ActiveCfg = Debug|Any CPU
		{D44CDBE7-7F9E-4803-8AD3-19DE11695024}.Debug|x64.Build.0 = Debug|Any CPU
		{D44CDBE7-7F9E-4803-8AD3-19DE11695024}.Debug|x86.ActiveCfg = Debug|Any CPU
		{D44CDBE7-7F9E-4803-8AD3-19DE11695024}.Debug|x86.Build.0 = Debug|Any CPU
		{D44CDBE7-7F9E-4803-8AD3-19DE11695024}.Release|Any CPU.ActiveCfg = Release|Any CPU
		{D44CDBE7-7F9E-4803-8AD3-19DE11695024}.Release|Any CPU.Build.0 = Release|Any CPU
		{D44CDBE7-7F9E-4803-8AD3-19DE11695024}.Release|x64.ActiveCfg = Release|Any CPU
		{D44CDBE7-7F9E-4803-8AD3-19DE11695024}.Release|x64.Build.0 = Release|Any CPU
		{D44CDBE7-7F9E-4803-8AD3-19DE11695024}.Release|x86.ActiveCfg = Release|Any CPU
		{D44CDBE7-7F9E-4803-8AD3-19DE11695024}.Release|x86.Build.0 = Release|Any CPU
		{A9AD7404-C085-4EF3-8FB4-2D2F475B646C}.Debug|Any CPU.ActiveCfg = Debug|Any CPU
		{A9AD7404-C085-4EF3-8FB4-2D2F475B646C}.Debug|Any CPU.Build.0 = Debug|Any CPU
		{A9AD7404-C085-4EF3-8FB4-2D2F475B646C}.Debug|x64.ActiveCfg = Debug|Any CPU
		{A9AD7404-C085-4EF3-8FB4-2D2F475B646C}.Debug|x64.Build.0 = Debug|Any CPU
		{A9AD7404-C085-4EF3-8FB4-2D2F475B646C}.Debug|x86.ActiveCfg = Debug|Any CPU
		{A9AD7404-C085-4EF3-8FB4-2D2F475B646C}.Debug|x86.Build.0 = Debug|Any CPU
		{A9AD7404-C085-4EF3-8FB4-2D2F475B646C}.Release|Any CPU.ActiveCfg = Release|Any CPU
		{A9AD7404-C085-4EF3-8FB4-2D2F475B646C}.Release|Any CPU.Build.0 = Release|Any CPU
		{A9AD7404-C085-4EF3-8FB4-2D2F475B646C}.Release|x64.ActiveCfg = Release|Any CPU
		{A9AD7404-C085-4EF3-8FB4-2D2F475B646C}.Release|x64.Build.0 = Release|Any CPU
		{A9AD7404-C085-4EF3-8FB4-2D2F475B646C}.Release|x86.ActiveCfg = Release|Any CPU
		{A9AD7404-C085-4EF3-8FB4-2D2F475B646C}.Release|x86.Build.0 = Release|Any CPU
		{7EA8B3CE-1E16-4A4F-9C35-EE8F983F9FEB}.Debug|Any CPU.ActiveCfg = Debug|Any CPU
		{7EA8B3CE-1E16-4A4F-9C35-EE8F983F9FEB}.Debug|Any CPU.Build.0 = Debug|Any CPU
		{7EA8B3CE-1E16-4A4F-9C35-EE8F983F9FEB}.Debug|x64.ActiveCfg = Debug|Any CPU
		{7EA8B3CE-1E16-4A4F-9C35-EE8F983F9FEB}.Debug|x64.Build.0 = Debug|Any CPU
		{7EA8B3CE-1E16-4A4F-9C35-EE8F983F9FEB}.Debug|x86.ActiveCfg = Debug|Any CPU
		{7EA8B3CE-1E16-4A4F-9C35-EE8F983F9FEB}.Debug|x86.Build.0 = Debug|Any CPU
		{7EA8B3CE-1E16-4A4F-9C35-EE8F983F9FEB}.Release|Any CPU.ActiveCfg = Release|Any CPU
		{7EA8B3CE-1E16-4A4F-9C35-EE8F983F9FEB}.Release|Any CPU.Build.0 = Release|Any CPU
		{7EA8B3CE-1E16-4A4F-9C35-EE8F983F9FEB}.Release|x64.ActiveCfg = Release|Any CPU
		{7EA8B3CE-1E16-4A4F-9C35-EE8F983F9FEB}.Release|x64.Build.0 = Release|Any CPU
		{7EA8B3CE-1E16-4A4F-9C35-EE8F983F9FEB}.Release|x86.ActiveCfg = Release|Any CPU
		{7EA8B3CE-1E16-4A4F-9C35-EE8F983F9FEB}.Release|x86.Build.0 = Release|Any CPU
		{67ABCFCF-5840-472C-973F-C509B114017F}.Debug|Any CPU.ActiveCfg = Debug|Any CPU
		{67ABCFCF-5840-472C-973F-C509B114017F}.Debug|Any CPU.Build.0 = Debug|Any CPU
		{67ABCFCF-5840-472C-973F-C509B114017F}.Debug|x64.ActiveCfg = Debug|Any CPU
		{67ABCFCF-5840-472C-973F-C509B114017F}.Debug|x64.Build.0 = Debug|Any CPU
		{67ABCFCF-5840-472C-973F-C509B114017F}.Debug|x86.ActiveCfg = Debug|Any CPU
		{67ABCFCF-5840-472C-973F-C509B114017F}.Debug|x86.Build.0 = Debug|Any CPU
		{67ABCFCF-5840-472C-973F-C509B114017F}.Release|Any CPU.ActiveCfg = Release|Any CPU
		{67ABCFCF-5840-472C-973F-C509B114017F}.Release|Any CPU.Build.0 = Release|Any CPU
		{67ABCFCF-5840-472C-973F-C509B114017F}.Release|x64.ActiveCfg = Release|Any CPU
		{67ABCFCF-5840-472C-973F-C509B114017F}.Release|x64.Build.0 = Release|Any CPU
		{67ABCFCF-5840-472C-973F-C509B114017F}.Release|x86.ActiveCfg = Release|Any CPU
		{67ABCFCF-5840-472C-973F-C509B114017F}.Release|x86.Build.0 = Release|Any CPU
		{399DE949-5CCC-4CB6-A688-668EEBAB33F9}.Debug|Any CPU.ActiveCfg = Debug|Any CPU
		{399DE949-5CCC-4CB6-A688-668EEBAB33F9}.Debug|Any CPU.Build.0 = Debug|Any CPU
		{399DE949-5CCC-4CB6-A688-668EEBAB33F9}.Debug|x64.ActiveCfg = Debug|Any CPU
		{399DE949-5CCC-4CB6-A688-668EEBAB33F9}.Debug|x64.Build.0 = Debug|Any CPU
		{399DE949-5CCC-4CB6-A688-668EEBAB33F9}.Debug|x86.ActiveCfg = Debug|Any CPU
		{399DE949-5CCC-4CB6-A688-668EEBAB33F9}.Debug|x86.Build.0 = Debug|Any CPU
		{399DE949-5CCC-4CB6-A688-668EEBAB33F9}.Release|Any CPU.ActiveCfg = Release|Any CPU
		{399DE949-5CCC-4CB6-A688-668EEBAB33F9}.Release|Any CPU.Build.0 = Release|Any CPU
		{399DE949-5CCC-4CB6-A688-668EEBAB33F9}.Release|x64.ActiveCfg = Release|Any CPU
		{399DE949-5CCC-4CB6-A688-668EEBAB33F9}.Release|x64.Build.0 = Release|Any CPU
		{399DE949-5CCC-4CB6-A688-668EEBAB33F9}.Release|x86.ActiveCfg = Release|Any CPU
		{399DE949-5CCC-4CB6-A688-668EEBAB33F9}.Release|x86.Build.0 = Release|Any CPU
		{D9FCEBCC-F02F-440D-A5BC-8718236699F7}.Debug|Any CPU.ActiveCfg = Debug|Any CPU
		{D9FCEBCC-F02F-440D-A5BC-8718236699F7}.Debug|Any CPU.Build.0 = Debug|Any CPU
		{D9FCEBCC-F02F-440D-A5BC-8718236699F7}.Debug|x64.ActiveCfg = Debug|Any CPU
		{D9FCEBCC-F02F-440D-A5BC-8718236699F7}.Debug|x64.Build.0 = Debug|Any CPU
		{D9FCEBCC-F02F-440D-A5BC-8718236699F7}.Debug|x86.ActiveCfg = Debug|Any CPU
		{D9FCEBCC-F02F-440D-A5BC-8718236699F7}.Debug|x86.Build.0 = Debug|Any CPU
		{D9FCEBCC-F02F-440D-A5BC-8718236699F7}.Release|Any CPU.ActiveCfg = Release|Any CPU
		{D9FCEBCC-F02F-440D-A5BC-8718236699F7}.Release|Any CPU.Build.0 = Release|Any CPU
		{D9FCEBCC-F02F-440D-A5BC-8718236699F7}.Release|x64.ActiveCfg = Release|Any CPU
		{D9FCEBCC-F02F-440D-A5BC-8718236699F7}.Release|x64.Build.0 = Release|Any CPU
		{D9FCEBCC-F02F-440D-A5BC-8718236699F7}.Release|x86.ActiveCfg = Release|Any CPU
		{D9FCEBCC-F02F-440D-A5BC-8718236699F7}.Release|x86.Build.0 = Release|Any CPU
	EndGlobalSection
	GlobalSection(SolutionProperties) = preSolution
		HideSolutionNode = FALSE
	EndGlobalSection
	GlobalSection(NestedProjects) = preSolution
		{77BB68C3-E9C6-40CB-9BA9-554821FC55B3} = {D4A8F2B1-2779-485D-8B41-2DB53A6200A3}
		{D44CDBE7-7F9E-4803-8AD3-19DE11695024} = {D4A8F2B1-2779-485D-8B41-2DB53A6200A3}
		{A9AD7404-C085-4EF3-8FB4-2D2F475B646C} = {D4A8F2B1-2779-485D-8B41-2DB53A6200A3}
		{7EA8B3CE-1E16-4A4F-9C35-EE8F983F9FEB} = {806D0760-E3ED-46EF-AE29-9BAD752995B2}
		{67ABCFCF-5840-472C-973F-C509B114017F} = {806D0760-E3ED-46EF-AE29-9BAD752995B2}
		{399DE949-5CCC-4CB6-A688-668EEBAB33F9} = {F1A1A30C-3CE5-4917-980C-0F9BA249035E}
		{D9FCEBCC-F02F-440D-A5BC-8718236699F7} = {F1A1A30C-3CE5-4917-980C-0F9BA249035E}
	EndGlobalSection
EndGlobal
